
Microsoft Visual Studio Solution File, Format Version 12.00
# Visual Studio 14
VisualStudioVersion = 14.0.23107.0
MinimumVisualStudioVersion = 10.0.40219.1
Project("{FAE04EC0-301F-11D3-BF4B-00C04F79EFBC}") = "BookStore", "BookStore\BookStore.csproj", "{C0B90CD0-852C-4102-AB81-28B4CC287903}"
EndProject
Global
	GlobalSection(SolutionConfigurationPlatforms) = preSolution
		Debug|Any CPU = Debug|Any CPU
		Release|Any CPU = Release|Any CPU
	EndGlobalSection
	GlobalSection(ProjectConfigurationPlatforms) = postSolution
		{C0B90CD0-852C-4102-AB81-28B4CC287903}.Debug|Any CPU.ActiveCfg = Debug|Any CPU
		{C0B90CD0-852C-4102-AB81-28B4CC287903}.Debug|Any CPU.Build.0 = Debug|Any CPU
		{C0B90CD0-852C-4102-AB81-28B4CC287903}.Release|Any CPU.ActiveCfg = Release|Any CPU
		{C0B90CD0-852C-4102-AB81-28B4CC287903}.Release|Any CPU.Build.0 = Release|Any CPU
	EndGlobalSection
	GlobalSection(SolutionProperties) = preSolution
		HideSolutionNode = FALSE
	EndGlobalSection
EndGlobal
